
Microsoft Visual Studio Solution File, Format Version 12.00
# Visual Studio Version 16
VisualStudioVersion = 16.0.30114.105
MinimumVisualStudioVersion = 10.0.40219.1
Project("{FAE04EC0-301F-11D3-BF4B-00C04F79EFBC}") = "DisgraceDiscordBot", "DisgraceDiscordBot.csproj", "{257FE1B2-8C68-4E97-9725-D30D5ADC1D03}"
EndProject
Global
	GlobalSection(SolutionConfigurationPlatforms) = preSolution
		Debug|Any CPU = Debug|Any CPU
		Release|Any CPU = Release|Any CPU
	EndGlobalSection
	GlobalSection(ProjectConfigurationPlatforms) = postSolution
		{257FE1B2-8C68-4E97-9725-D30D5ADC1D03}.Debug|Any CPU.ActiveCfg = Debug|Any CPU
		{257FE1B2-8C68-4E97-9725-D30D5ADC1D03}.Debug|Any CPU.Build.0 = Debug|Any CPU
		{257FE1B2-8C68-4E97-9725-D30D5ADC1D03}.Release|Any CPU.ActiveCfg = Release|Any CPU
		{257FE1B2-8C68-4E97-9725-D30D5ADC1D03}.Release|Any CPU.Build.0 = Release|Any CPU
	EndGlobalSection
	GlobalSection(SolutionProperties) = preSolution
		HideSolutionNode = FALSE
	EndGlobalSection
	GlobalSection(ExtensibilityGlobals) = postSolution
		SolutionGuid = {21825FA5-1DB6-41E0-9F8D-0533A31C1B86}
	EndGlobalSection
EndGlobal
